Microsoft Visual Studio Solution File, Format Version 12.00
# Visual Studio 15
VisualStudioVersion = 15.0.28307.168
MinimumVisualStudioVersion = 10.0.40219.1
Project("{8BC9CEB8-8B4A-11D0-8D11-00A0C91BC942}") = "gpr", "gpr.vcxproj", "{EA26F173-9593-3FA6-AA41-D8F319B8B643}"
EndProject
Project("{8BC9CEB8-8B4A-11D0-8D11-00A0C91BC942}") = "grpc", "grpc.vcxproj", "{189312EB-D132-3BC4-B8E5-8DC52B31814B}"
	ProjectSection(ProjectDependencies) = postProject
		{EA26F173-9593-3FA6-AA41-D8F319B8B643} = {EA26F173-9593-3FA6-AA41-D8F319B8B643}
	EndProjectSection
EndProject
Project("{8BC9CEB8-8B4A-11D0-8D11-00A0C91BC942}") = "grpc++", "grpc++.vcxproj", "{FD09D451-5249-3215-A7E3-58931B673150}"
	ProjectSection(ProjectDependencies) = postProject
		{EA26F173-9593-3FA6-AA41-D8F319B8B643} = {EA26F173-9593-3FA6-AA41-D8F319B8B643}
		{189312EB-D132-3BC4-B8E5-8DC52B31814B} = {189312EB-D132-3BC4-B8E5-8DC52B31814B}
	EndProjectSection
EndProject
Project("{8BC9CEB8-8B4A-11D0-8D11-00A0C91BC942}") = "orientsec_common", "..\third_party\orientsec\orientsec_common\orientsec_common.vcxproj", "{33D1C04C-A968-4E05-A76A-61BB2FCF17B9}"
EndProject
Project("{8BC9CEB8-8B4A-11D0-8D11-00A0C91BC942}") = "orientsec_consumer", "..\third_party\orientsec\orientsec_consumer\orientsec_consumer.vcxproj", "{4347E960-545F-4F14-B042-419D9E46134E}"
EndProject
Project("{8BC9CEB8-8B4A-11D0-8D11-00A0C91BC942}") = "orientsec_provider", "..\third_party\orientsec\orientsec_provider\orientsec_provider.vcxproj", "{19CA6D2F-6CDB-44BE-865D-6DCF8AAF7395}"
EndProject
Project("{8BC9CEB8-8B4A-11D0-8D11-00A0C91BC942}") = "orientsec_registry", "..\third_party\orientsec\orientsec_registry\orientsec_registry.vcxproj", "{F52E3E78-2DBE-4688-BB38-22CF5B8978BD}"
	ProjectSection(ProjectDependencies) = postProject
		{33D1C04C-A968-4E05-A76A-61BB2FCF17B9} = {33D1C04C-A968-4E05-A76A-61BB2FCF17B9}
		{EA26F173-9593-3FA6-AA41-D8F319B8B643} = {EA26F173-9593-3FA6-AA41-D8F319B8B643}
	EndProjectSection
EndProject
Global
	GlobalSection(SolutionConfigurationPlatforms) = preSolution
		Debug|x64 = Debug|x64
		Debug|x86 = Debug|x86
		MinSizeRel|x64 = MinSizeRel|x64
		MinSizeRel|x86 = MinSizeRel|x86
		Release|x64 = Release|x64
		Release|x86 = Release|x86
		Release-MD|x64 = Release-MD|x64
		Release-MD|x86 = Release-MD|x86
		RelWithDebInfo|x64 = RelWithDebInfo|x64
		RelWithDebInfo|x86 = RelWithDebInfo|x86
	EndGlobalSection
	GlobalSection(ProjectConfigurationPlatforms) = postSolution
		{EA26F173-9593-3FA6-AA41-D8F319B8B643}.Debug|x64.ActiveCfg = Debug|x64
		{EA26F173-9593-3FA6-AA41-D8F319B8B643}.Debug|x64.Build.0 = Debug|x64
		{EA26F173-9593-3FA6-AA41-D8F319B8B643}.Debug|x86.ActiveCfg = Debug|x64
		{EA26F173-9593-3FA6-AA41-D8F319B8B643}.MinSizeRel|x64.ActiveCfg = MinSizeRel|x64
		{EA26F173-9593-3FA6-AA41-D8F319B8B643}.MinSizeRel|x64.Build.0 = MinSizeRel|x64
		{EA26F173-9593-3FA6-AA41-D8F319B8B643}.MinSizeRel|x86.ActiveCfg = MinSizeRel|x64
		{EA26F173-9593-3FA6-AA41-D8F319B8B643}.Release|x64.ActiveCfg = Release|x64
		{EA26F173-9593-3FA6-AA41-D8F319B8B643}.Release|x64.Build.0 = Release|x64
		{EA26F173-9593-3FA6-AA41-D8F319B8B643}.Release|x86.ActiveCfg = Release|x64
		{EA26F173-9593-3FA6-AA41-D8F319B8B643}.Release-MD|x64.ActiveCfg = Release|x64
		{EA26F173-9593-3FA6-AA41-D8F319B8B643}.Release-MD|x64.Build.0 = Release|x64
		{EA26F173-9593-3FA6-AA41-D8F319B8B643}.Release-MD|x86.ActiveCfg = RelWithDebInfo|x64
		{EA26F173-9593-3FA6-AA41-D8F319B8B643}.Release-MD|x86.Build.0 = RelWithDebInfo|x64
		{EA26F173-9593-3FA6-AA41-D8F319B8B643}.RelWithDebInfo|x64.ActiveCfg = RelWithDebInfo|x64
		{EA26F173-9593-3FA6-AA41-D8F319B8B643}.RelWithDebInfo|x64.Build.0 = RelWithDebInfo|x64
		{EA26F173-9593-3FA6-AA41-D8F319B8B643}.RelWithDebInfo|x86.ActiveCfg = RelWithDebInfo|x64
		{189312EB-D132-3BC4-B8E5-8DC52B31814B}.Debug|x64.ActiveCfg = Debug|x64
		{189312EB-D132-3BC4-B8E5-8DC52B31814B}.Debug|x64.Build.0 = Debug|x64
		{189312EB-D132-3BC4-B8E5-8DC52B31814B}.Debug|x86.ActiveCfg = Debug|x64
		{189312EB-D132-3BC4-B8E5-8DC52B31814B}.MinSizeRel|x64.ActiveCfg = MinSizeRel|x64
		{189312EB-D132-3BC4-B8E5-8DC52B31814B}.MinSizeRel|x64.Build.0 = MinSizeRel|x64
		{189312EB-D132-3BC4-B8E5-8DC52B31814B}.MinSizeRel|x86.ActiveCfg = MinSizeRel|x64
		{189312EB-D132-3BC4-B8E5-8DC52B31814B}.Release|x64.ActiveCfg = Release|x64
		{189312EB-D132-3BC4-B8E5-8DC52B31814B}.Release|x64.Build.0 = Release|x64
		{189312EB-D132-3BC4-B8E5-8DC52B31814B}.Release|x86.ActiveCfg = Release|x64
		{189312EB-D132-3BC4-B8E5-8DC52B31814B}.Release-MD|x64.ActiveCfg = Release|x64
		{189312EB-D132-3BC4-B8E5-8DC52B31814B}.Release-MD|x64.Build.0 = Release|x64
		{189312EB-D132-3BC4-B8E5-8DC52B31814B}.Release-MD|x86.ActiveCfg = RelWithDebInfo|x64
		{189312EB-D132-3BC4-B8E5-8DC52B31814B}.Release-MD|x86.Build.0 = RelWithDebInfo|x64
		{189312EB-D132-3BC4-B8E5-8DC52B31814B}.RelWithDebInfo|x64.ActiveCfg = RelWithDebInfo|x64
		{189312EB-D132-3BC4-B8E5-8DC52B31814B}.RelWithDebInfo|x64.Build.0 = RelWithDebInfo|x64
		{189312EB-D132-3BC4-B8E5-8DC52B31814B}.RelWithDebInfo|x86.ActiveCfg = RelWithDebInfo|x64
		{FD09D451-5249-3215-A7E3-58931B673150}.Debug|x64.ActiveCfg = Debug|x64
		{FD09D451-5249-3215-A7E3-58931B673150}.Debug|x64.Build.0 = Debug|x64
		{FD09D451-5249-3215-A7E3-58931B673150}.Debug|x86.ActiveCfg = Debug|x64
		{FD09D451-5249-3215-A7E3-58931B673150}.MinSizeRel|x64.ActiveCfg = MinSizeRel|x64
		{FD09D451-5249-3215-A7E3-58931B673150}.MinSizeRel|x64.Build.0 = MinSizeRel|x64
		{FD09D451-5249-3215-A7E3-58931B673150}.MinSizeRel|x86.ActiveCfg = MinSizeRel|x64
		{FD09D451-5249-3215-A7E3-58931B673150}.Release|x64.ActiveCfg = Release|x64
		{FD09D451-5249-3215-A7E3-58931B673150}.Release|x64.Build.0 = Release|x64
		{FD09D451-5249-3215-A7E3-58931B673150}.Release|x86.ActiveCfg = Release|x64
		{FD09D451-5249-3215-A7E3-58931B673150}.Release-MD|x64.ActiveCfg = Release|x64
		{FD09D451-5249-3215-A7E3-58931B673150}.Release-MD|x64.Build.0 = Release|x64
		{FD09D451-5249-3215-A7E3-58931B673150}.Release-MD|x86.ActiveCfg = RelWithDebInfo|x64
		{FD09D451-5249-3215-A7E3-58931B673150}.Release-MD|x86.Build.0 = RelWithDebInfo|x64
		{FD09D451-5249-3215-A7E3-58931B673150}.RelWithDebInfo|x64.ActiveCfg = RelWithDebInfo|x64
		{FD09D451-5249-3215-A7E3-58931B673150}.RelWithDebInfo|x64.Build.0 = RelWithDebInfo|x64
		{FD09D451-5249-3215-A7E3-58931B673150}.RelWithDebInfo|x86.ActiveCfg = RelWithDebInfo|x64
		{33D1C04C-A968-4E05-A76A-61BB2FCF17B9}.Debug|x64.ActiveCfg = Debug|x64
		{33D1C04C-A968-4E05-A76A-61BB2FCF17B9}.Debug|x64.Build.0 = Debug|x64
		{33D1C04C-A968-4E05-A76A-61BB2FCF17B9}.Debug|x86.ActiveCfg = Debug|Win32
		{33D1C04C-A968-4E05-A76A-61BB2FCF17B9}.Debug|x86.Build.0 = Debug|Win32
		{33D1C04C-A968-4E05-A76A-61BB2FCF17B9}.MinSizeRel|x64.ActiveCfg = Release|x64
		{33D1C04C-A968-4E05-A76A-61BB2FCF17B9}.MinSizeRel|x64.Build.0 = Release|x64
		{33D1C04C-A968-4E05-A76A-61BB2FCF17B9}.MinSizeRel|x86.ActiveCfg = Release|Win32
		{33D1C04C-A968-4E05-A76A-61BB2FCF17B9}.MinSizeRel|x86.Build.0 = Release|Win32
		{33D1C04C-A968-4E05-A76A-61BB2FCF17B9}.Release|x64.ActiveCfg = Release|x64
		{33D1C04C-A968-4E05-A76A-61BB2FCF17B9}.Release|x64.Build.0 = Release|x64
		{33D1C04C-A968-4E05-A76A-61BB2FCF17B9}.Release|x86.ActiveCfg = Release|Win32
		{33D1C04C-A968-4E05-A76A-61BB2FCF17B9}.Release|x86.Build.0 = Release|Win32
		{33D1C04C-A968-4E05-A76A-61BB2FCF17B9}.Release-MD|x64.ActiveCfg = Release|x64
		{33D1C04C-A968-4E05-A76A-61BB2FCF17B9}.Release-MD|x64.Build.0 = Release|x64
		{33D1C04C-A968-4E05-A76A-61BB2FCF17B9}.Release-MD|x86.ActiveCfg = Release|Win32
		{33D1C04C-A968-4E05-A76A-61BB2FCF17B9}.Release-MD|x86.Build.0 = Release|Win32
		{33D1C04C-A968-4E05-A76A-61BB2FCF17B9}.RelWithDebInfo|x64.ActiveCfg = Release|x64
		{33D1C04C-A968-4E05-A76A-61BB2FCF17B9}.RelWithDebInfo|x64.Build.0 = Release|x64
		{33D1C04C-A968-4E05-A76A-61BB2FCF17B9}.RelWithDebInfo|x86.ActiveCfg = Release|Win32
		{33D1C04C-A968-4E05-A76A-61BB2FCF17B9}.RelWithDebInfo|x86.Build.0 = Release|Win32
		{4347E960-545F-4F14-B042-419D9E46134E}.Debug|x64.ActiveCfg = Debug|x64
		{4347E960-545F-4F14-B042-419D9E46134E}.Debug|x64.Build.0 = Debug|x64
		{4347E960-545F-4F14-B042-419D9E46134E}.Debug|x86.ActiveCfg = Debug|Win32
		{4347E960-545F-4F14-B042-419D9E46134E}.Debug|x86.Build.0 = Debug|Win32
		{4347E960-545F-4F14-B042-419D9E46134E}.MinSizeRel|x64.ActiveCfg = Release|x64
		{4347E960-545F-4F14-B042-419D9E46134E}.MinSizeRel|x64.Build.0 = Release|x64
		{4347E960-545F-4F14-B042-419D9E46134E}.MinSizeRel|x86.ActiveCfg = Release|Win32
		{4347E960-545F-4F14-B042-419D9E46134E}.MinSizeRel|x86.Build.0 = Release|Win32
		{4347E960-545F-4F14-B042-419D9E46134E}.Release|x64.ActiveCfg = Release|x64
		{4347E960-545F-4F14-B042-419D9E46134E}.Release|x64.Build.0 = Release|x64
		{4347E960-545F-4F14-B042-419D9E46134E}.Release|x86.ActiveCfg = Release|Win32
		{4347E960-545F-4F14-B042-419D9E46134E}.Release|x86.Build.0 = Release|Win32
		{4347E960-545F-4F14-B042-419D9E46134E}.Release-MD|x64.ActiveCfg = Release|x64
		{4347E960-545F-4F14-B042-419D9E46134E}.Release-MD|x64.Build.0 = Release|x64
		{4347E960-545F-4F14-B042-419D9E46134E}.Release-MD|x86.ActiveCfg = Release|Win32
		{4347E960-545F-4F14-B042-419D9E46134E}.Release-MD|x86.Build.0 = Release|Win32
		{4347E960-545F-4F14-B042-419D9E46134E}.RelWithDebInfo|x64.ActiveCfg = Release|x64
		{4347E960-545F-4F14-B042-419D9E46134E}.RelWithDebInfo|x64.Build.0 = Release|x64
		{4347E960-545F-4F14-B042-419D9E46134E}.RelWithDebInfo|x86.ActiveCfg = Release|Win32
		{4347E960-545F-4F14-B042-419D9E46134E}.RelWithDebInfo|x86.Build.0 = Release|Win32
		{19CA6D2F-6CDB-44BE-865D-6DCF8AAF7395}.Debug|x64.ActiveCfg = Debug|x64
		{19CA6D2F-6CDB-44BE-865D-6DCF8AAF7395}.Debug|x64.Build.0 = Debug|x64
		{19CA6D2F-6CDB-44BE-865D-6DCF8AAF7395}.Debug|x86.ActiveCfg = Debug|Win32
		{19CA6D2F-6CDB-44BE-865D-6DCF8AAF7395}.Debug|x86.Build.0 = Debug|Win32
		{19CA6D2F-6CDB-44BE-865D-6DCF8AAF7395}.MinSizeRel|x64.ActiveCfg = Release|x64
		{19CA6D2F-6CDB-44BE-865D-6DCF8AAF7395}.MinSizeRel|x64.Build.0 = Release|x64
		{19CA6D2F-6CDB-44BE-865D-6DCF8AAF7395}.MinSizeRel|x86.ActiveCfg = Release|Win32
		{19CA6D2F-6CDB-44BE-865D-6DCF8AAF7395}.MinSizeRel|x86.Build.0 = Release|Win32
		{19CA6D2F-6CDB-44BE-865D-6DCF8AAF7395}.Release|x64.ActiveCfg = Release|x64
		{19CA6D2F-6CDB-44BE-865D-6DCF8AAF7395}.Release|x64.Build.0 = Release|x64
		{19CA6D2F-6CDB-44BE-865D-6DCF8AAF7395}.Release|x86.ActiveCfg = Release|Win32
		{19CA6D2F-6CDB-44BE-865D-6DCF8AAF7395}.Release|x86.Build.0 = Release|Win32
		{19CA6D2F-6CDB-44BE-865D-6DCF8AAF7395}.Release-MD|x64.ActiveCfg = Release|x64
		{19CA6D2F-6CDB-44BE-865D-6DCF8AAF7395}.Release-MD|x64.Build.0 = Release|x64
		{19CA6D2F-6CDB-44BE-865D-6DCF8AAF7395}.Release-MD|x86.ActiveCfg = Release|Win32
		{19CA6D2F-6CDB-44BE-865D-6DCF8AAF7395}.Release-MD|x86.Build.0 = Release|Win32
		{19CA6D2F-6CDB-44BE-865D-6DCF8AAF7395}.RelWithDebInfo|x64.ActiveCfg = Release|x64
		{19CA6D2F-6CDB-44BE-865D-6DCF8AAF7395}.RelWithDebInfo|x64.Build.0 = Release|x64
		{19CA6D2F-6CDB-44BE-865D-6DCF8AAF7395}.RelWithDebInfo|x86.ActiveCfg = Release|Win32
		{19CA6D2F-6CDB-44BE-865D-6DCF8AAF7395}.RelWithDebInfo|x86.Build.0 = Release|Win32
		{F52E3E78-2DBE-4688-BB38-22CF5B8978BD}.Debug|x64.ActiveCfg = Debug|x64
		{F52E3E78-2DBE-4688-BB38-22CF5B8978BD}.Debug|x64.Build.0 = Debug|x64
		{F52E3E78-2DBE-4688-BB38-22CF5B8978BD}.Debug|x86.ActiveCfg = Debug|Win32
		{F52E3E78-2DBE-4688-BB38-22CF5B8978BD}.Debug|x86.Build.0 = Debug|Win32
		{F52E3E78-2DBE-4688-BB38-22CF5B8978BD}.MinSizeRel|x64.ActiveCfg = Release|x64
		{F52E3E78-2DBE-4688-BB38-22CF5B8978BD}.MinSizeRel|x64.Build.0 = Release|x64
		{F52E3E78-2DBE-4688-BB38-22CF5B8978BD}.MinSizeRel|x86.ActiveCfg = Release|Win32
		{F52E3E78-2DBE-4688-BB38-22CF5B8978BD}.MinSizeRel|x86.Build.0 = Release|Win32
		{F52E3E78-2DBE-4688-BB38-22CF5B8978BD}.Release|x64.ActiveCfg = Release|x64
		{F52E3E78-2DBE-4688-BB38-22CF5B8978BD}.Release|x64.Build.0 = Release|x64
		{F52E3E78-2DBE-4688-BB38-22CF5B8978BD}.Release|x86.ActiveCfg = Release|Win32
		{F52E3E78-2DBE-4688-BB38-22CF5B8978BD}.Release|x86.Build.0 = Release|Win32
		{F52E3E78-2DBE-4688-BB38-22CF5B8978BD}.Release-MD|x64.ActiveCfg = Release|x64
		{F52E3E78-2DBE-4688-BB38-22CF5B8978BD}.Release-MD|x64.Build.0 = Release|x64
		{F52E3E78-2DBE-4688-BB38-22CF5B8978BD}.Release-MD|x86.ActiveCfg = Release|Win32
		{F52E3E78-2DBE-4688-BB38-22CF5B8978BD}.Release-MD|x86.Build.0 = Release|Win32
		{F52E3E78-2DBE-4688-BB38-22CF5B8978BD}.RelWithDebInfo|x64.ActiveCfg = Release|x64
		{F52E3E78-2DBE-4688-BB38-22CF5B8978BD}.RelWithDebInfo|x64.Build.0 = Release|x64
		{F52E3E78-2DBE-4688-BB38-22CF5B8978BD}.RelWithDebInfo|x86.ActiveCfg = Release|Win32
		{F52E3E78-2DBE-4688-BB38-22CF5B8978BD}.RelWithDebInfo|x86.Build.0 = Release|Win32
	EndGlobalSection
	GlobalSection(SolutionProperties) = preSolution
		HideSolutionNode = FALSE
	EndGlobalSection
	GlobalSection(ExtensibilityGlobals) = postSolution
		SolutionGuid = {6625432E-B703-3A1C-B7D7-C7E3C57D7C2C}
	EndGlobalSection
EndGlobal
